// !$*UTF8*$!
{
	archiveVersion = 1;
	classes = {
	};
	objectVersion = 48;
	objects = {

/* Begin PBXBuildFile section */
		5F2EB8E02056CA7600A087B8 /* BusinessQuestionTwoViewController.swift in Sources */ = {isa = PBXBuildFile; fileRef = 5F2EB8DF2056CA7600A087B8 /* BusinessQuestionTwoViewController.swift */; };
		5F2EB8E22056CA8B00A087B8 /* BusinessQuestionThreeViewController.swift in Sources */ = {isa = PBXBuildFile; fileRef = 5F2EB8E12056CA8B00A087B8 /* BusinessQuestionThreeViewController.swift */; };
		5F66BED82060105C0002FB8E /* EducationTitle.xib in Resources */ = {isa = PBXBuildFile; fileRef = 5F66BED72060105C0002FB8E /* EducationTitle.xib */; };
		5F66BEDA2060125A0002FB8E /* ExperienceTitle.xib in Resources */ = {isa = PBXBuildFile; fileRef = 5F66BED92060125A0002FB8E /* ExperienceTitle.xib */; };
		5F862DAC20605B9E00008F15 /* QuestionTwo.swift in Sources */ = {isa = PBXBuildFile; fileRef = 5F862DAB20605B9E00008F15 /* QuestionTwo.swift */; };
		5F862DAE20605BAC00008F15 /* QuestionThree.swift in Sources */ = {isa = PBXBuildFile; fileRef = 5F862DAD20605BAC00008F15 /* QuestionThree.swift */; };
		5FBF42572052911B00B93FED /* StudentRegister.storyboard in Resources */ = {isa = PBXBuildFile; fileRef = 5FBF42562052911B00B93FED /* StudentRegister.storyboard */; };
		5FBF4258205292CF00B93FED /* BusinessRegister.storyboard in Resources */ = {isa = PBXBuildFile; fileRef = 5FBF425520528B5E00B93FED /* BusinessRegister.storyboard */; };
		5FBF425A2052945D00B93FED /* StudentMain.storyboard in Resources */ = {isa = PBXBuildFile; fileRef = 5FBF42592052945D00B93FED /* StudentMain.storyboard */; };
		5FBF425C2052947100B93FED /* BusinessMain.storyboard in Resources */ = {isa = PBXBuildFile; fileRef = 5FBF425B2052947100B93FED /* BusinessMain.storyboard */; };
		5FBF425E2052A48F00B93FED /* BusinessSelectCell.swift in Sources */ = {isa = PBXBuildFile; fileRef = 5FBF425D2052A48F00B93FED /* BusinessSelectCell.swift */; };
		5FDA4C3320567FD000270C54 /* ExperienceCell.swift in Sources */ = {isa = PBXBuildFile; fileRef = 5FDA4C3220567FD000270C54 /* ExperienceCell.swift */; };
		5FDF4FDD205C5E2500ED2A8A /* QuestionOne.swift in Sources */ = {isa = PBXBuildFile; fileRef = 5FDF4FDC205C5E2500ED2A8A /* QuestionOne.swift */; };
		5FDF4FDF205C5E3400ED2A8A /* ShowQuestionOne.swift in Sources */ = {isa = PBXBuildFile; fileRef = 5FDF4FDE205C5E3400ED2A8A /* ShowQuestionOne.swift */; };
		99733C41CF7F4FF50A7A2C54 /* Pods_Connections.framework in Frameworks */ = {isa = PBXBuildFile; fileRef = 599FF97567B39B949FCABD9E /* Pods_Connections.framework */; };
		A000D43E203077BB0099892D /* StudentLikedViewController.swift in Sources */ = {isa = PBXBuildFile; fileRef = A000D43D203077BB0099892D /* StudentLikedViewController.swift */; };
		A000D440203077E10099892D /* StudentLikedCell.swift in Sources */ = {isa = PBXBuildFile; fileRef = A000D43F203077E10099892D /* StudentLikedCell.swift */; };
		A00748561F912189004AF885 /* AppDelegate.swift in Sources */ = {isa = PBXBuildFile; fileRef = A00748551F912189004AF885 /* AppDelegate.swift */; };
		A00748581F912189004AF885 /* BusinessSwipeViewController.swift in Sources */ = {isa = PBXBuildFile; fileRef = A00748571F912189004AF885 /* BusinessSwipeViewController.swift */; };
		A007485B1F912189004AF885 /* Main.storyboard in Resources */ = {isa = PBXBuildFile; fileRef = A00748591F912189004AF885 /* Main.storyboard */; };
		A007485D1F912189004AF885 /* Assets.xcassets in Resources */ = {isa = PBXBuildFile; fileRef = A007485C1F912189004AF885 /* Assets.xcassets */; };
		A00748601F912189004AF885 /* LaunchScreen.storyboard in Resources */ = {isa = PBXBuildFile; fileRef = A007485E1F912189004AF885 /* LaunchScreen.storyboard */; };
		A00748721F912AA7004AF885 /* BusinessSwipeView.xib in Resources */ = {isa = PBXBuildFile; fileRef = A00748711F912AA7004AF885 /* BusinessSwipeView.xib */; };
		A00748741F912B0C004AF885 /* BusinessSwipeView.swift in Sources */ = {isa = PBXBuildFile; fileRef = A00748731F912B0C004AF885 /* BusinessSwipeView.swift */; };
		A00748761F912E3F004AF885 /* LikeDislikeInfo.swift in Sources */ = {isa = PBXBuildFile; fileRef = A00748751F912E3F004AF885 /* LikeDislikeInfo.swift */; };
		A0076AB2204AA94500A52500 /* StudentEditAboutViewController.swift in Sources */ = {isa = PBXBuildFile; fileRef = A0076AB1204AA94500A52500 /* StudentEditAboutViewController.swift */; };
		A03B44BE2055AF4700CFC682 /* EducationCell.swift in Sources */ = {isa = PBXBuildFile; fileRef = A03B44BD2055AF4700CFC682 /* EducationCell.swift */; };
		A03D991F1FD305160034AE24 /* SideMenuTableViewCell.swift in Sources */ = {isa = PBXBuildFile; fileRef = A03D991E1FD305160034AE24 /* SideMenuTableViewCell.swift */; };
		A03D99221FD313380034AE24 /* Student.swift in Sources */ = {isa = PBXBuildFile; fileRef = A03D99211FD313380034AE24 /* Student.swift */; };
		A049B0D320261EDF00EBD07B /* StudentSwipeViewController.swift in Sources */ = {isa = PBXBuildFile; fileRef = A049B0D220261EDF00EBD07B /* StudentSwipeViewController.swift */; };
		A07226631F9148FB006C60BA /* SWRevealViewController.m in Sources */ = {isa = PBXBuildFile; fileRef = A07226611F914641006C60BA /* SWRevealViewController.m */; };
		A07226651F91657F006C60BA /* TabsViewController.swift in Sources */ = {isa = PBXBuildFile; fileRef = A07226641F91657F006C60BA /* TabsViewController.swift */; };
		A07226671F916EC9006C60BA /* LogInViewController.swift in Sources */ = {isa = PBXBuildFile; fileRef = A07226661F916EC9006C60BA /* LogInViewController.swift */; };
		A07226691F916FB4006C60BA /* RegisterViewController.swift in Sources */ = {isa = PBXBuildFile; fileRef = A07226681F916FB4006C60BA /* RegisterViewController.swift */; };
		A07E3C47205DB054004158FE /* SkillsCell.swift in Sources */ = {isa = PBXBuildFile; fileRef = A07E3C46205DB054004158FE /* SkillsCell.swift */; };
		A07E3C49205DB0F1004158FE /* ShowSkillsCell.swift in Sources */ = {isa = PBXBuildFile; fileRef = A07E3C48205DB0F1004158FE /* ShowSkillsCell.swift */; };
		A09739E32020A4850087F7CE /* BusinessMoreInfoViewController.swift in Sources */ = {isa = PBXBuildFile; fileRef = A09739E22020A4850087F7CE /* BusinessMoreInfoViewController.swift */; };
		A09739E72020E6A10087F7CE /* StudentRegisterViewController.swift in Sources */ = {isa = PBXBuildFile; fileRef = A09739E62020E6A10087F7CE /* StudentRegisterViewController.swift */; };
		A09739EA20210BDB0087F7CE /* StudentCreateProfileLandingViewController.swift in Sources */ = {isa = PBXBuildFile; fileRef = A09739E920210BDB0087F7CE /* StudentCreateProfileLandingViewController.swift */; };
		A09739ED2021D2390087F7CE /* BusinessRegisterViewController.swift in Sources */ = {isa = PBXBuildFile; fileRef = A09739EC2021D2390087F7CE /* BusinessRegisterViewController.swift */; };
		A0973A132024B52D0087F7CE /* BusinessProfileCreationLandingViewController.swift in Sources */ = {isa = PBXBuildFile; fileRef = A0973A122024B52D0087F7CE /* BusinessProfileCreationLandingViewController.swift */; };
		A0973A15202503F50087F7CE /* Business.swift in Sources */ = {isa = PBXBuildFile; fileRef = A0973A14202503F50087F7CE /* Business.swift */; };
		A09A82DE206267D20006E44A /* BusinessShowJobsViewController.swift in Sources */ = {isa = PBXBuildFile; fileRef = A09A82DD206267D20006E44A /* BusinessShowJobsViewController.swift */; };
		A09A82E120626D7B0006E44A /* SelectJobCell.swift in Sources */ = {isa = PBXBuildFile; fileRef = A09A82E020626D7B0006E44A /* SelectJobCell.swift */; };
		A09F6BA02027512B00D98332 /* StudentPersonalViewController.swift in Sources */ = {isa = PBXBuildFile; fileRef = A09F6B9F2027512B00D98332 /* StudentPersonalViewController.swift */; };
		A09F6BA22027534F00D98332 /* BusinessAboutViewController.swift in Sources */ = {isa = PBXBuildFile; fileRef = A09F6BA12027534F00D98332 /* BusinessAboutViewController.swift */; };
		A0A6B0ED20487A2E00AC357F /* BusinessSpecialtiesViewController.swift in Sources */ = {isa = PBXBuildFile; fileRef = A0A6B0EC20487A2E00AC357F /* BusinessSpecialtiesViewController.swift */; };
		A0A6B0EF20487A3A00AC357F /* Specialties.swift in Sources */ = {isa = PBXBuildFile; fileRef = A0A6B0EE20487A3A00AC357F /* Specialties.swift */; };
		A0A6B0F120487A4A00AC357F /* SpecialtiesCell.swift in Sources */ = {isa = PBXBuildFile; fileRef = A0A6B0F020487A4A00AC357F /* SpecialtiesCell.swift */; };
		A0A6B0F42049833D00AC357F /* ShowJobsAddedViewController.swift in Sources */ = {isa = PBXBuildFile; fileRef = A0A6B0F32049833D00AC357F /* ShowJobsAddedViewController.swift */; };
		A0A6B0F62049837D00AC357F /* ShowJobsCell.swift in Sources */ = {isa = PBXBuildFile; fileRef = A0A6B0F52049837D00AC357F /* ShowJobsCell.swift */; };
		A0A6B0F82049839300AC357F /* AddJobsViewController.swift in Sources */ = {isa = PBXBuildFile; fileRef = A0A6B0F72049839300AC357F /* AddJobsViewController.swift */; };
		A0A6B0FA204983A100AC357F /* EditJobsViewController.swift in Sources */ = {isa = PBXBuildFile; fileRef = A0A6B0F9204983A100AC357F /* EditJobsViewController.swift */; };
		A0A6B0FC204983B000AC357F /* Jobs.swift in Sources */ = {isa = PBXBuildFile; fileRef = A0A6B0FB204983B000AC357F /* Jobs.swift */; };
		A0A6FFBB204809940001D715 /* BusinessProfilePictureViewController.swift in Sources */ = {isa = PBXBuildFile; fileRef = A0A6FFBA204809940001D715 /* BusinessProfilePictureViewController.swift */; };
		A0A6FFBD2048262D0001D715 /* BusinessDetailsViewController.swift in Sources */ = {isa = PBXBuildFile; fileRef = A0A6FFBC2048262D0001D715 /* BusinessDetailsViewController.swift */; };
		A0AA81482036165C00858063 /* BusinessQuestionsViewController.swift in Sources */ = {isa = PBXBuildFile; fileRef = A0AA81472036165C00858063 /* BusinessQuestionsViewController.swift */; };
		A0AA814D2036205C00858063 /* BusinessSelectViewController.swift in Sources */ = {isa = PBXBuildFile; fileRef = A0AA814C2036205C00858063 /* BusinessSelectViewController.swift */; };
		A0AA81512036D6DF00858063 /* BusinessQuestions.swift in Sources */ = {isa = PBXBuildFile; fileRef = A0AA81502036D6DF00858063 /* BusinessQuestions.swift */; };
		A0AA81532036D85200858063 /* BusinessQuestionsListViewController.swift in Sources */ = {isa = PBXBuildFile; fileRef = A0AA81522036D85200858063 /* BusinessQuestionsListViewController.swift */; };
		A0AA81562036FA2300858063 /* SelectStudentViewController.swift in Sources */ = {isa = PBXBuildFile; fileRef = A0AA81552036FA2300858063 /* SelectStudentViewController.swift */; };
		A0AA81582036FA3B00858063 /* ViewStudentResponsesViewController.swift in Sources */ = {isa = PBXBuildFile; fileRef = A0AA81572036FA3B00858063 /* ViewStudentResponsesViewController.swift */; };
		A0AA815A20374B4100858063 /* StudentResponses.swift in Sources */ = {isa = PBXBuildFile; fileRef = A0AA815920374B4100858063 /* StudentResponses.swift */; };
		A0AD070E202CC1D400B77C61 /* StudentSideMenuViewController.swift in Sources */ = {isa = PBXBuildFile; fileRef = A0AD070D202CC1D400B77C61 /* StudentSideMenuViewController.swift */; };
		A0AD0710202CC1F700B77C61 /* StudentSideMenuTableViewCell.swift in Sources */ = {isa = PBXBuildFile; fileRef = A0AD070F202CC1F700B77C61 /* StudentSideMenuTableViewCell.swift */; };
		A0AD0712202CC66000B77C61 /* StudentMoreInfoViewController.swift in Sources */ = {isa = PBXBuildFile; fileRef = A0AD0711202CC66000B77C61 /* StudentMoreInfoViewController.swift */; };
		A0AD0714202CC66F00B77C61 /* StudentSwipeView.swift in Sources */ = {isa = PBXBuildFile; fileRef = A0AD0713202CC66F00B77C61 /* StudentSwipeView.swift */; };
		A0AD0716202CC6A200B77C61 /* LikeDislikeButtons.swift in Sources */ = {isa = PBXBuildFile; fileRef = A0AD0715202CC6A200B77C61 /* LikeDislikeButtons.swift */; };
		A0AD0718202CC6BA00B77C61 /* StudentSwipeView.xib in Resources */ = {isa = PBXBuildFile; fileRef = A0AD0717202CC6BA00B77C61 /* StudentSwipeView.xib */; };
		A0AD071C202DCF8C00B77C61 /* BusinessLikedViewController.swift in Sources */ = {isa = PBXBuildFile; fileRef = A0AD071B202DCF8C00B77C61 /* BusinessLikedViewController.swift */; };
		A0AD0722202E043000B77C61 /* BusinessLikedCell.swift in Sources */ = {isa = PBXBuildFile; fileRef = A0AD0721202E043000B77C61 /* BusinessLikedCell.swift */; };
		A0D67A4E204066F30060AD70 /* ShowEducationAddedViewController.swift in Sources */ = {isa = PBXBuildFile; fileRef = A0D67A4D204066F30060AD70 /* ShowEducationAddedViewController.swift */; };
		A0D67A502040671D0060AD70 /* ShowEducation.swift in Sources */ = {isa = PBXBuildFile; fileRef = A0D67A4F2040671D0060AD70 /* ShowEducation.swift */; };
		A0D67A52204067300060AD70 /* AddEducationViewController.swift in Sources */ = {isa = PBXBuildFile; fileRef = A0D67A51204067300060AD70 /* AddEducationViewController.swift */; };
		A0D67A54204067400060AD70 /* EditEducationViewController.swift in Sources */ = {isa = PBXBuildFile; fileRef = A0D67A53204067400060AD70 /* EditEducationViewController.swift */; };
		A0D67A562040674C0060AD70 /* Education.swift in Sources */ = {isa = PBXBuildFile; fileRef = A0D67A552040674C0060AD70 /* Education.swift */; };
		A0D67A58204331AD0060AD70 /* StudentInterestsViewController.swift in Sources */ = {isa = PBXBuildFile; fileRef = A0D67A57204331AD0060AD70 /* StudentInterestsViewController.swift */; };
		A0D67A5B204350050060AD70 /* ShowSkillsViewController.swift in Sources */ = {isa = PBXBuildFile; fileRef = A0D67A5A204350050060AD70 /* ShowSkillsViewController.swift */; };
		A0D67A5D204350990060AD70 /* ShowSkills.swift in Sources */ = {isa = PBXBuildFile; fileRef = A0D67A5C204350990060AD70 /* ShowSkills.swift */; };
		A0D67A5F204350B30060AD70 /* Skills.swift in Sources */ = {isa = PBXBuildFile; fileRef = A0D67A5E204350B30060AD70 /* Skills.swift */; };
		A0D8D370203ADEB200D68A5A /* StudentEditProfileViewController.swift in Sources */ = {isa = PBXBuildFile; fileRef = A0D8D36F203ADEB200D68A5A /* StudentEditProfileViewController.swift */; };
		A0D8D373203B38D000D68A5A /* ShowExperienceAddedViewController.swift in Sources */ = {isa = PBXBuildFile; fileRef = A0D8D372203B38D000D68A5A /* ShowExperienceAddedViewController.swift */; };
		A0D8D375203B38E400D68A5A /* AddExperienceViewController.swift in Sources */ = {isa = PBXBuildFile; fileRef = A0D8D374203B38E400D68A5A /* AddExperienceViewController.swift */; };
		A0D8D377203B39CF00D68A5A /* Experience.swift in Sources */ = {isa = PBXBuildFile; fileRef = A0D8D376203B39CF00D68A5A /* Experience.swift */; };
		A0D8D381203CAE4500D68A5A /* Location.swift in Sources */ = {isa = PBXBuildFile; fileRef = A0D8D380203CAE4500D68A5A /* Location.swift */; };
		A0D8D383203D7F8300D68A5A /* EditExperienceViewController.swift in Sources */ = {isa = PBXBuildFile; fileRef = A0D8D382203D7F8300D68A5A /* EditExperienceViewController.swift */; };
		A0D8D385203DF78800D68A5A /* ShowExperienceCell.swift in Sources */ = {isa = PBXBuildFile; fileRef = A0D8D384203DF78800D68A5A /* ShowExperienceCell.swift */; };
		A0E4B049204FEAAF002D7534 /* BusinessSwipeLocation.swift in Sources */ = {isa = PBXBuildFile; fileRef = A0E4B048204FEAAF002D7534 /* BusinessSwipeLocation.swift */; };
		A0E4B04E20502AEB002D7534 /* ViewedManager.swift in Sources */ = {isa = PBXBuildFile; fileRef = A0E4B04D20502AEB002D7534 /* ViewedManager.swift */; };
		A0EFEE582062580800F7C5A9 /* BusinessJobsViewController.swift in Sources */ = {isa = PBXBuildFile; fileRef = A0EFEE572062580800F7C5A9 /* BusinessJobsViewController.swift */; };
		A0EFEE5A20625CEE00F7C5A9 /* BusinessJobCell.swift in Sources */ = {isa = PBXBuildFile; fileRef = A0EFEE5920625CEE00F7C5A9 /* BusinessJobCell.swift */; };
		A0F529E01FD1A1A600B5B93C /* GoogleService-Info.plist in Resources */ = {isa = PBXBuildFile; fileRef = A0F529DF1FD1A1A500B5B93C /* GoogleService-Info.plist */; };
		A0F529E41FD1B0CF00B5B93C /* UIViewStyles.swift in Sources */ = {isa = PBXBuildFile; fileRef = A0F529E31FD1B0CF00B5B93C /* UIViewStyles.swift */; };
		A0F529E61FD1B10E00B5B93C /* UIButtonStyles.swift in Sources */ = {isa = PBXBuildFile; fileRef = A0F529E51FD1B10E00B5B93C /* UIButtonStyles.swift */; };
		A0F529E81FD1B18100B5B93C /* HorizontalGradient.swift in Sources */ = {isa = PBXBuildFile; fileRef = A0F529E71FD1B18100B5B93C /* HorizontalGradient.swift */; };
		A0F529EA1FD1BA3100B5B93C /* VerticalGradient.swift in Sources */ = {isa = PBXBuildFile; fileRef = A0F529E91FD1BA3100B5B93C /* VerticalGradient.swift */; };
		A0F529EB1FD1CD6400B5B93C /* Gotham Rounded Book.ttf in Resources */ = {isa = PBXBuildFile; fileRef = A0F529E11FD1AFC000B5B93C /* Gotham Rounded Book.ttf */; };
		A0F529ED1FD1E6F600B5B93C /* SideMenuViewController.swift in Sources */ = {isa = PBXBuildFile; fileRef = A0F529EC1FD1E6F600B5B93C /* SideMenuViewController.swift */; };
		A0F5A6752039AE5A004E4D3E /* StudentProfilePictureViewController.swift in Sources */ = {isa = PBXBuildFile; fileRef = A0F5A6742039AE5A004E4D3E /* StudentProfilePictureViewController.swift */; };
		A0F94F2120542A1500FECC7A /* BusinessMatchedCell.swift in Sources */ = {isa = PBXBuildFile; fileRef = A0F94F2020542A1500FECC7A /* BusinessMatchedCell.swift */; };
		A0F94F232054347000FECC7A /* MatchedCell.swift in Sources */ = {isa = PBXBuildFile; fileRef = A0F94F222054347000FECC7A /* MatchedCell.swift */; };
/* End PBXBuildFile section */

/* Begin PBXFileReference section */
		419B1DC5AA939905FD333D7A /* Pods-Connections.debug.xcconfig */ = {isa = PBXFileReference; includeInIndex = 1; lastKnownFileType = text.xcconfig; name = "Pods-Connections.debug.xcconfig"; path = "Pods/Target Support Files/Pods-Connections/Pods-Connections.debug.xcconfig"; sourceTree = "<group>"; };
		599FF97567B39B949FCABD9E /* Pods_Connections.framework */ = {isa = PBXFileReference; explicitFileType = wrapper.framework; includeInIndex = 0; path = Pods_Connections.framework; sourceTree = BUILT_PRODUCTS_DIR; };
		5F2EB8DF2056CA7600A087B8 /* BusinessQuestionTwoViewController.swift */ = {isa = PBXFileReference; lastKnownFileType = sourcecode.swift; path = BusinessQuestionTwoViewController.swift; sourceTree = "<group>"; };
		5F2EB8E12056CA8B00A087B8 /* BusinessQuestionThreeViewController.swift */ = {isa = PBXFileReference; lastKnownFileType = sourcecode.swift; path = BusinessQuestionThreeViewController.swift; sourceTree = "<group>"; };
		5F66BED72060105C0002FB8E /* EducationTitle.xib */ = {isa = PBXFileReference; lastKnownFileType = file.xib; path = EducationTitle.xib; sourceTree = "<group>"; };
		5F66BED92060125A0002FB8E /* ExperienceTitle.xib */ = {isa = PBXFileReference; lastKnownFileType = file.xib; path = ExperienceTitle.xib; sourceTree = "<group>"; };
		5F862DAB20605B9E00008F15 /* QuestionTwo.swift */ = {isa = PBXFileReference; lastKnownFileType = sourcecode.swift; path = QuestionTwo.swift; sourceTree = "<group>"; };
		5F862DAD20605BAC00008F15 /* QuestionThree.swift */ = {isa = PBXFileReference; lastKnownFileType = sourcecode.swift; path = QuestionThree.swift; sourceTree = "<group>"; };
		5FBF425520528B5E00B93FED /* BusinessRegister.storyboard */ = {isa = PBXFileReference; lastKnownFileType = file.storyboard; path = BusinessRegister.storyboard; sourceTree = "<group>"; };
		5FBF42562052911B00B93FED /* StudentRegister.storyboard */ = {isa = PBXFileReference; lastKnownFileType = file.storyboard; path = StudentRegister.storyboard; sourceTree = "<group>"; };
		5FBF42592052945D00B93FED /* StudentMain.storyboard */ = {isa = PBXFileReference; lastKnownFileType = file.storyboard; path = StudentMain.storyboard; sourceTree = "<group>"; };
		5FBF425B2052947100B93FED /* BusinessMain.storyboard */ = {isa = PBXFileReference; lastKnownFileType = file.storyboard; path = BusinessMain.storyboard; sourceTree = "<group>"; };
		5FBF425D2052A48F00B93FED /* BusinessSelectCell.swift */ = {isa = PBXFileReference; lastKnownFileType = sourcecode.swift; path = BusinessSelectCell.swift; sourceTree = "<group>"; };
		5FDA4C3220567FD000270C54 /* ExperienceCell.swift */ = {isa = PBXFileReference; lastKnownFileType = sourcecode.swift; path = ExperienceCell.swift; sourceTree = "<group>"; };
		5FDF4FDC205C5E2500ED2A8A /* QuestionOne.swift */ = {isa = PBXFileReference; lastKnownFileType = sourcecode.swift; path = QuestionOne.swift; sourceTree = "<group>"; };
		5FDF4FDE205C5E3400ED2A8A /* ShowQuestionOne.swift */ = {isa = PBXFileReference; lastKnownFileType = sourcecode.swift; path = ShowQuestionOne.swift; sourceTree = "<group>"; };
		84574314C222C8CEEC27E2AC /* Pods-Connections.release.xcconfig */ = {isa = PBXFileReference; includeInIndex = 1; lastKnownFileType = text.xcconfig; name = "Pods-Connections.release.xcconfig"; path = "Pods/Target Support Files/Pods-Connections/Pods-Connections.release.xcconfig"; sourceTree = "<group>"; };
		A000D43D203077BB0099892D /* StudentLikedViewController.swift */ = {isa = PBXFileReference; lastKnownFileType = sourcecode.swift; path = StudentLikedViewController.swift; sourceTree = "<group>"; };
		A000D43F203077E10099892D /* StudentLikedCell.swift */ = {isa = PBXFileReference; lastKnownFileType = sourcecode.swift; path = StudentLikedCell.swift; sourceTree = "<group>"; };
		A00748521F912189004AF885 /* Connections.app */ = {isa = PBXFileReference; explicitFileType = wrapper.application; includeInIndex = 0; path = Connections.app; sourceTree = BUILT_PRODUCTS_DIR; };
		A00748551F912189004AF885 /* AppDelegate.swift */ = {isa = PBXFileReference; lastKnownFileType = sourcecode.swift; path = AppDelegate.swift; sourceTree = "<group>"; };
		A00748571F912189004AF885 /* BusinessSwipeViewController.swift */ = {isa = PBXFileReference; lastKnownFileType = sourcecode.swift; path = BusinessSwipeViewController.swift; sourceTree = "<group>"; };
		A007485A1F912189004AF885 /* Base */ = {isa = PBXFileReference; lastKnownFileType = file.storyboard; name = Base; path = Base.lproj/Main.storyboard; sourceTree = "<group>"; };
		A007485C1F912189004AF885 /* Assets.xcassets */ = {isa = PBXFileReference; lastKnownFileType = folder.assetcatalog; path = Assets.xcassets; sourceTree = "<group>"; };
		A007485F1F912189004AF885 /* Base */ = {isa = PBXFileReference; lastKnownFileType = file.storyboard; name = Base; path = Base.lproj/LaunchScreen.storyboard; sourceTree = "<group>"; };
		A00748611F912189004AF885 /* Info.plist */ = {isa = PBXFileReference; lastKnownFileType = text.plist.xml; path = Info.plist; sourceTree = "<group>"; };
		A00748711F912AA7004AF885 /* BusinessSwipeView.xib */ = {isa = PBXFileReference; lastKnownFileType = file.xib; path = BusinessSwipeView.xib; sourceTree = "<group>"; };
		A00748731F912B0C004AF885 /* BusinessSwipeView.swift */ = {isa = PBXFileReference; lastKnownFileType = sourcecode.swift; path = BusinessSwipeView.swift; sourceTree = "<group>"; };
		A00748751F912E3F004AF885 /* LikeDislikeInfo.swift */ = {isa = PBXFileReference; lastKnownFileType = sourcecode.swift; path = LikeDislikeInfo.swift; sourceTree = "<group>"; };
		A0076AB1204AA94500A52500 /* StudentEditAboutViewController.swift */ = {isa = PBXFileReference; lastKnownFileType = sourcecode.swift; path = StudentEditAboutViewController.swift; sourceTree = "<group>"; };
		A03B44BD2055AF4700CFC682 /* EducationCell.swift */ = {isa = PBXFileReference; lastKnownFileType = sourcecode.swift; path = EducationCell.swift; sourceTree = "<group>"; };
		A03D991E1FD305160034AE24 /* SideMenuTableViewCell.swift */ = {isa = PBXFileReference; lastKnownFileType = sourcecode.swift; path = SideMenuTableViewCell.swift; sourceTree = "<group>"; };
		A03D99211FD313380034AE24 /* Student.swift */ = {isa = PBXFileReference; lastKnownFileType = sourcecode.swift; path = Student.swift; sourceTree = "<group>"; };
		A049B0D220261EDF00EBD07B /* StudentSwipeViewController.swift */ = {isa = PBXFileReference; lastKnownFileType = sourcecode.swift; path = StudentSwipeViewController.swift; sourceTree = "<group>"; };
		A072265F1F91463F006C60BA /* Connections-Bridging-Header.h */ = {isa = PBXFileReference; lastKnownFileType = sourcecode.c.h; path = "Connections-Bridging-Header.h"; sourceTree = "<group>"; };
		A07226601F914640006C60BA /* SWRevealViewController.h */ = {isa = PBXFileReference; lastKnownFileType = sourcecode.c.h; path = SWRevealViewController.h; sourceTree = "<group>"; };
		A07226611F914641006C60BA /* SWRevealViewController.m */ = {isa = PBXFileReference; lastKnownFileType = sourcecode.c.objc; path = SWRevealViewController.m; sourceTree = "<group>"; };
		A07226641F91657F006C60BA /* TabsViewController.swift */ = {isa = PBXFileReference; lastKnownFileType = sourcecode.swift; path = TabsViewController.swift; sourceTree = "<group>"; };
		A07226661F916EC9006C60BA /* LogInViewController.swift */ = {isa = PBXFileReference; lastKnownFileType = sourcecode.swift; path = LogInViewController.swift; sourceTree = "<group>"; };
		A07226681F916FB4006C60BA /* RegisterViewController.swift */ = {isa = PBXFileReference; lastKnownFileType = sourcecode.swift; path = RegisterViewController.swift; sourceTree = "<group>"; };
		A07E3C46205DB054004158FE /* SkillsCell.swift */ = {isa = PBXFileReference; lastKnownFileType = sourcecode.swift; path = SkillsCell.swift; sourceTree = "<group>"; };
		A07E3C48205DB0F1004158FE /* ShowSkillsCell.swift */ = {isa = PBXFileReference; lastKnownFileType = sourcecode.swift; path = ShowSkillsCell.swift; sourceTree = "<group>"; };
		A09739E22020A4850087F7CE /* BusinessMoreInfoViewController.swift */ = {isa = PBXFileReference; lastKnownFileType = sourcecode.swift; path = BusinessMoreInfoViewController.swift; sourceTree = "<group>"; };
		A09739E62020E6A10087F7CE /* StudentRegisterViewController.swift */ = {isa = PBXFileReference; lastKnownFileType = sourcecode.swift; path = StudentRegisterViewController.swift; sourceTree = "<group>"; };
		A09739E920210BDB0087F7CE /* StudentCreateProfileLandingViewController.swift */ = {isa = PBXFileReference; lastKnownFileType = sourcecode.swift; path = StudentCreateProfileLandingViewController.swift; sourceTree = "<group>"; };
		A09739EC2021D2390087F7CE /* BusinessRegisterViewController.swift */ = {isa = PBXFileReference; lastKnownFileType = sourcecode.swift; path = BusinessRegisterViewController.swift; sourceTree = "<group>"; };
		A0973A122024B52D0087F7CE /* BusinessProfileCreationLandingViewController.swift */ = {isa = PBXFileReference; lastKnownFileType = sourcecode.swift; path = BusinessProfileCreationLandingViewController.swift; sourceTree = "<group>"; };
		A0973A14202503F50087F7CE /* Business.swift */ = {isa = PBXFileReference; lastKnownFileType = sourcecode.swift; path = Business.swift; sourceTree = "<group>"; };
		A09A82DD206267D20006E44A /* BusinessShowJobsViewController.swift */ = {isa = PBXFileReference; lastKnownFileType = sourcecode.swift; path = BusinessShowJobsViewController.swift; sourceTree = "<group>"; };
		A09A82E020626D7B0006E44A /* SelectJobCell.swift */ = {isa = PBXFileReference; lastKnownFileType = sourcecode.swift; path = SelectJobCell.swift; sourceTree = "<group>"; };
		A09F6B9F2027512B00D98332 /* StudentPersonalViewController.swift */ = {isa = PBXFileReference; lastKnownFileType = sourcecode.swift; path = StudentPersonalViewController.swift; sourceTree = "<group>"; };
		A09F6BA12027534F00D98332 /* BusinessAboutViewController.swift */ = {isa = PBXFileReference; lastKnownFileType = sourcecode.swift; path = BusinessAboutViewController.swift; sourceTree = "<group>"; };
		A0A6B0EC20487A2E00AC357F /* BusinessSpecialtiesViewController.swift */ = {isa = PBXFileReference; lastKnownFileType = sourcecode.swift; path = BusinessSpecialtiesViewController.swift; sourceTree = "<group>"; };
		A0A6B0EE20487A3A00AC357F /* Specialties.swift */ = {isa = PBXFileReference; lastKnownFileType = sourcecode.swift; path = Specialties.swift; sourceTree = "<group>"; };
		A0A6B0F020487A4A00AC357F /* SpecialtiesCell.swift */ = {isa = PBXFileReference; lastKnownFileType = sourcecode.swift; path = SpecialtiesCell.swift; sourceTree = "<group>"; };
		A0A6B0F32049833D00AC357F /* ShowJobsAddedViewController.swift */ = {isa = PBXFileReference; lastKnownFileType = sourcecode.swift; path = ShowJobsAddedViewController.swift; sourceTree = "<group>"; };
		A0A6B0F52049837D00AC357F /* ShowJobsCell.swift */ = {isa = PBXFileReference; lastKnownFileType = sourcecode.swift; path = ShowJobsCell.swift; sourceTree = "<group>"; };
		A0A6B0F72049839300AC357F /* AddJobsViewController.swift */ = {isa = PBXFileReference; lastKnownFileType = sourcecode.swift; path = AddJobsViewController.swift; sourceTree = "<group>"; };
		A0A6B0F9204983A100AC357F /* EditJobsViewController.swift */ = {isa = PBXFileReference; lastKnownFileType = sourcecode.swift; path = EditJobsViewController.swift; sourceTree = "<group>"; };
		A0A6B0FB204983B000AC357F /* Jobs.swift */ = {isa = PBXFileReference; lastKnownFileType = sourcecode.swift; path = Jobs.swift; sourceTree = "<group>"; };
		A0A6FFBA204809940001D715 /* BusinessProfilePictureViewController.swift */ = {isa = PBXFileReference; lastKnownFileType = sourcecode.swift; path = BusinessProfilePictureViewController.swift; sourceTree = "<group>"; };
		A0A6FFBC2048262D0001D715 /* BusinessDetailsViewController.swift */ = {isa = PBXFileReference; lastKnownFileType = sourcecode.swift; path = BusinessDetailsViewController.swift; sourceTree = "<group>"; };
		A0AA81472036165C00858063 /* BusinessQuestionsViewController.swift */ = {isa = PBXFileReference; lastKnownFileType = sourcecode.swift; path = BusinessQuestionsViewController.swift; sourceTree = "<group>"; };
		A0AA814C2036205C00858063 /* BusinessSelectViewController.swift */ = {isa = PBXFileReference; lastKnownFileType = sourcecode.swift; path = BusinessSelectViewController.swift; sourceTree = "<group>"; };
		A0AA81502036D6DF00858063 /* BusinessQuestions.swift */ = {isa = PBXFileReference; lastKnownFileType = sourcecode.swift; path = BusinessQuestions.swift; sourceTree = "<group>"; };
		A0AA81522036D85200858063 /* BusinessQuestionsListViewController.swift */ = {isa = PBXFileReference; lastKnownFileType = sourcecode.swift; path = BusinessQuestionsListViewController.swift; sourceTree = "<group>"; };
		A0AA81552036FA2300858063 /* SelectStudentViewController.swift */ = {isa = PBXFileReference; lastKnownFileType = sourcecode.swift; path = SelectStudentViewController.swift; sourceTree = "<group>"; };
		A0AA81572036FA3B00858063 /* ViewStudentResponsesViewController.swift */ = {isa = PBXFileReference; lastKnownFileType = sourcecode.swift; path = ViewStudentResponsesViewController.swift; sourceTree = "<group>"; };
		A0AA815920374B4100858063 /* StudentResponses.swift */ = {isa = PBXFileReference; lastKnownFileType = sourcecode.swift; path = StudentResponses.swift; sourceTree = "<group>"; };
		A0AD070D202CC1D400B77C61 /* StudentSideMenuViewController.swift */ = {isa = PBXFileReference; lastKnownFileType = sourcecode.swift; path = StudentSideMenuViewController.swift; sourceTree = "<group>"; };
		A0AD070F202CC1F700B77C61 /* StudentSideMenuTableViewCell.swift */ = {isa = PBXFileReference; lastKnownFileType = sourcecode.swift; path = StudentSideMenuTableViewCell.swift; sourceTree = "<group>"; };
		A0AD0711202CC66000B77C61 /* StudentMoreInfoViewController.swift */ = {isa = PBXFileReference; lastKnownFileType = sourcecode.swift; path = StudentMoreInfoViewController.swift; sourceTree = "<group>"; };
		A0AD0713202CC66F00B77C61 /* StudentSwipeView.swift */ = {isa = PBXFileReference; lastKnownFileType = sourcecode.swift; path = StudentSwipeView.swift; sourceTree = "<group>"; };
		A0AD0715202CC6A200B77C61 /* LikeDislikeButtons.swift */ = {isa = PBXFileReference; lastKnownFileType = sourcecode.swift; path = LikeDislikeButtons.swift; sourceTree = "<group>"; };
		A0AD0717202CC6BA00B77C61 /* StudentSwipeView.xib */ = {isa = PBXFileReference; lastKnownFileType = file.xib; path = StudentSwipeView.xib; sourceTree = "<group>"; };
		A0AD0719202DC49100B77C61 /* Connections.entitlements */ = {isa = PBXFileReference; lastKnownFileType = text.plist.entitlements; path = Connections.entitlements; sourceTree = "<group>"; };
		A0AD071B202DCF8C00B77C61 /* BusinessLikedViewController.swift */ = {isa = PBXFileReference; lastKnownFileType = sourcecode.swift; path = BusinessLikedViewController.swift; sourceTree = "<group>"; };
		A0AD0721202E043000B77C61 /* BusinessLikedCell.swift */ = {isa = PBXFileReference; fileEncoding = 4; lastKnownFileType = sourcecode.swift; path = BusinessLikedCell.swift; sourceTree = "<group>"; };
		A0D67A4D204066F30060AD70 /* ShowEducationAddedViewController.swift */ = {isa = PBXFileReference; lastKnownFileType = sourcecode.swift; path = ShowEducationAddedViewController.swift; sourceTree = "<group>"; };
		A0D67A4F2040671D0060AD70 /* ShowEducation.swift */ = {isa = PBXFileReference; lastKnownFileType = sourcecode.swift; path = ShowEducation.swift; sourceTree = "<group>"; };
		A0D67A51204067300060AD70 /* AddEducationViewController.swift */ = {isa = PBXFileReference; lastKnownFileType = sourcecode.swift; path = AddEducationViewController.swift; sourceTree = "<group>"; };
		A0D67A53204067400060AD70 /* EditEducationViewController.swift */ = {isa = PBXFileReference; lastKnownFileType = sourcecode.swift; path = EditEducationViewController.swift; sourceTree = "<group>"; };
		A0D67A552040674C0060AD70 /* Education.swift */ = {isa = PBXFileReference; lastKnownFileType = sourcecode.swift; path = Education.swift; sourceTree = "<group>"; };
		A0D67A57204331AD0060AD70 /* StudentInterestsViewController.swift */ = {isa = PBXFileReference; lastKnownFileType = sourcecode.swift; path = StudentInterestsViewController.swift; sourceTree = "<group>"; };
		A0D67A5A204350050060AD70 /* ShowSkillsViewController.swift */ = {isa = PBXFileReference; lastKnownFileType = sourcecode.swift; path = ShowSkillsViewController.swift; sourceTree = "<group>"; };
		A0D67A5C204350990060AD70 /* ShowSkills.swift */ = {isa = PBXFileReference; lastKnownFileType = sourcecode.swift; path = ShowSkills.swift; sourceTree = "<group>"; };
		A0D67A5E204350B30060AD70 /* Skills.swift */ = {isa = PBXFileReference; lastKnownFileType = sourcecode.swift; path = Skills.swift; sourceTree = "<group>"; };
		A0D8D36F203ADEB200D68A5A /* StudentEditProfileViewController.swift */ = {isa = PBXFileReference; lastKnownFileType = sourcecode.swift; path = StudentEditProfileViewController.swift; sourceTree = "<group>"; };
		A0D8D372203B38D000D68A5A /* ShowExperienceAddedViewController.swift */ = {isa = PBXFileReference; lastKnownFileType = sourcecode.swift; path = ShowExperienceAddedViewController.swift; sourceTree = "<group>"; };
		A0D8D374203B38E400D68A5A /* AddExperienceViewController.swift */ = {isa = PBXFileReference; lastKnownFileType = sourcecode.swift; path = AddExperienceViewController.swift; sourceTree = "<group>"; };
		A0D8D376203B39CF00D68A5A /* Experience.swift */ = {isa = PBXFileReference; lastKnownFileType = sourcecode.swift; path = Experience.swift; sourceTree = "<group>"; };
		A0D8D380203CAE4500D68A5A /* Location.swift */ = {isa = PBXFileReference; lastKnownFileType = sourcecode.swift; path = Location.swift; sourceTree = "<group>"; };
		A0D8D382203D7F8300D68A5A /* EditExperienceViewController.swift */ = {isa = PBXFileReference; lastKnownFileType = sourcecode.swift; path = EditExperienceViewController.swift; sourceTree = "<group>"; };
		A0D8D384203DF78800D68A5A /* ShowExperienceCell.swift */ = {isa = PBXFileReference; lastKnownFileType = sourcecode.swift; path = ShowExperienceCell.swift; sourceTree = "<group>"; };
		A0E4B048204FEAAF002D7534 /* BusinessSwipeLocation.swift */ = {isa = PBXFileReference; lastKnownFileType = sourcecode.swift; path = BusinessSwipeLocation.swift; sourceTree = "<group>"; };
		A0E4B04A204FFA53002D7534 /* Bournemouth.gpx */ = {isa = PBXFileReference; lastKnownFileType = text.xml; path = Bournemouth.gpx; sourceTree = "<group>"; };
		A0E4B04D20502AEB002D7534 /* ViewedManager.swift */ = {isa = PBXFileReference; lastKnownFileType = sourcecode.swift; path = ViewedManager.swift; sourceTree = "<group>"; };
		A0EFEE572062580800F7C5A9 /* BusinessJobsViewController.swift */ = {isa = PBXFileReference; lastKnownFileType = sourcecode.swift; path = BusinessJobsViewController.swift; sourceTree = "<group>"; };
		A0EFEE5920625CEE00F7C5A9 /* BusinessJobCell.swift */ = {isa = PBXFileReference; lastKnownFileType = sourcecode.swift; path = BusinessJobCell.swift; sourceTree = "<group>"; };
		A0F529DF1FD1A1A500B5B93C /* GoogleService-Info.plist */ = {isa = PBXFileReference; fileEncoding = 4; lastKnownFileType = text.plist.xml; path = "GoogleService-Info.plist"; sourceTree = "<group>"; };
		A0F529E11FD1AFC000B5B93C /* Gotham Rounded Book.ttf */ = {isa = PBXFileReference; lastKnownFileType = file; path = "Gotham Rounded Book.ttf"; sourceTree = "<group>"; };
		A0F529E31FD1B0CF00B5B93C /* UIViewStyles.swift */ = {isa = PBXFileReference; lastKnownFileType = sourcecode.swift; path = UIViewStyles.swift; sourceTree = "<group>"; };
		A0F529E51FD1B10E00B5B93C /* UIButtonStyles.swift */ = {isa = PBXFileReference; lastKnownFileType = sourcecode.swift; path = UIButtonStyles.swift; sourceTree = "<group>"; };
		A0F529E71FD1B18100B5B93C /* HorizontalGradient.swift */ = {isa = PBXFileReference; lastKnownFileType = sourcecode.swift; path = HorizontalGradient.swift; sourceTree = "<group>"; };
		A0F529E91FD1BA3100B5B93C /* VerticalGradient.swift */ = {isa = PBXFileReference; lastKnownFileType = sourcecode.swift; path = VerticalGradient.swift; sourceTree = "<group>"; };
		A0F529EC1FD1E6F600B5B93C /* SideMenuViewController.swift */ = {isa = PBXFileReference; lastKnownFileType = sourcecode.swift; path = SideMenuViewController.swift; sourceTree = "<group>"; };
		A0F5A6742039AE5A004E4D3E /* StudentProfilePictureViewController.swift */ = {isa = PBXFileReference; lastKnownFileType = sourcecode.swift; path = StudentProfilePictureViewController.swift; sourceTree = "<group>"; };
		A0F94F2020542A1500FECC7A /* BusinessMatchedCell.swift */ = {isa = PBXFileReference; lastKnownFileType = sourcecode.swift; path = BusinessMatchedCell.swift; sourceTree = "<group>"; };
		A0F94F222054347000FECC7A /* MatchedCell.swift */ = {isa = PBXFileReference; lastKnownFileType = sourcecode.swift; path = MatchedCell.swift; sourceTree = "<group>"; };
/* End PBXFileReference section */

/* Begin PBXFrameworksBuildPhase section */
		A007484F1F912189004AF885 /* Frameworks */ = {
			isa = PBXFrameworksBuildPhase;
			buildActionMask = 2147483647;
			files = (
				99733C41CF7F4FF50A7A2C54 /* Pods_Connections.framework in Frameworks */,
			);
			runOnlyForDeploymentPostprocessing = 0;
		};
/* End PBXFrameworksBuildPhase section */

/* Begin PBXGroup section */
		247BC915B78C6F54ABF2DF0F /* Pods */ = {
			isa = PBXGroup;
			children = (
				419B1DC5AA939905FD333D7A /* Pods-Connections.debug.xcconfig */,
				84574314C222C8CEEC27E2AC /* Pods-Connections.release.xcconfig */,
			);
			name = Pods;
			sourceTree = "<group>";
		};
		5FDF4FDB205C5DF400ED2A8A /* Question Answers */ = {
			isa = PBXGroup;
			children = (
				A0AA81522036D85200858063 /* BusinessQuestionsListViewController.swift */,
				5FDF4FDE205C5E3400ED2A8A /* ShowQuestionOne.swift */,
				5FDF4FDC205C5E2500ED2A8A /* QuestionOne.swift */,
				5F862DAB20605B9E00008F15 /* QuestionTwo.swift */,
				5F862DAD20605BAC00008F15 /* QuestionThree.swift */,
			);
			path = "Question Answers";
			sourceTree = "<group>";
		};
		8420B25B5A212FEAFFC61471 /* Frameworks */ = {
			isa = PBXGroup;
			children = (
				599FF97567B39B949FCABD9E /* Pods_Connections.framework */,
			);
			name = Frameworks;
			sourceTree = "<group>";
		};
		A000D43C2030778E0099892D /* StudentLiked */ = {
			isa = PBXGroup;
			children = (
				A000D43D203077BB0099892D /* StudentLikedViewController.swift */,
				A000D43F203077E10099892D /* StudentLikedCell.swift */,
			);
			path = StudentLiked;
			sourceTree = "<group>";
		};
		A00748491F912188004AF885 = {
			isa = PBXGroup;
			children = (
				A00748541F912189004AF885 /* Connections */,
				A0F529E21FD1B07D00B5B93C /* IBDesignables */,
				A00748671F9124F3004AF885 /* Extension */,
				A00748531F912189004AF885 /* Products */,
				247BC915B78C6F54ABF2DF0F /* Pods */,
				8420B25B5A212FEAFFC61471 /* Frameworks */,
			);
			sourceTree = "<group>";
		};
		A00748531F912189004AF885 /* Products */ = {
			isa = PBXGroup;
			children = (
				A00748521F912189004AF885 /* Connections.app */,
			);
			name = Products;
			sourceTree = "<group>";
		};
		A00748541F912189004AF885 /* Connections */ = {
			isa = PBXGroup;
			children = (
				A0AD0719202DC49100B77C61 /* Connections.entitlements */,
				A0D8D37F203CAE2C00D68A5A /* Location */,
				A09739E42020E64A0087F7CE /* Login */,
				A09739E52020E6510087F7CE /* Register */,
				A09739E820210B9B0087F7CE /* StudentProfileCreation */,
				A00748691F912586004AF885 /* StudentRegister */,
				A049B0D120261E8200EBD07B /* StudentSideMenu */,
				A0D8D36E203ADD7D00D68A5A /* StudentEditProfile */,
				A0AA81542036F94000858063 /* StudentQuestionResponses */,
				A000D43C2030778E0099892D /* StudentLiked */,
				A049B0D020261E5000EBD07B /* StudentSwipe */,
				A0973A112024B4FD0087F7CE /* BusinessProfileCreation */,
				A09739EB2021D1AB0087F7CE /* BusinessRegister */,
				A00748681F912570004AF885 /* BusinessSideMenu */,
				A0EFEE562062555000F7C5A9 /* BusinessJobs */,
				A0AA814B2036202B00858063 /* BusinessQuestions */,
				A0AD071A202DCF6E00B77C61 /* BusinessLiked */,
				A007486B1F91259A004AF885 /* BusinessSwipe */,
				A00748551F912189004AF885 /* AppDelegate.swift */,
				A00748591F912189004AF885 /* Main.storyboard */,
				5FBF425520528B5E00B93FED /* BusinessRegister.storyboard */,
				5FBF42562052911B00B93FED /* StudentRegister.storyboard */,
				5FBF42592052945D00B93FED /* StudentMain.storyboard */,
				5FBF425B2052947100B93FED /* BusinessMain.storyboard */,
				A007485C1F912189004AF885 /* Assets.xcassets */,
				A007485E1F912189004AF885 /* LaunchScreen.storyboard */,
				A00748611F912189004AF885 /* Info.plist */,
			);
			path = Connections;
			sourceTree = "<group>";
		};
		A00748671F9124F3004AF885 /* Extension */ = {
			isa = PBXGroup;
			children = (
				A07226601F914640006C60BA /* SWRevealViewController.h */,
				A07226611F914641006C60BA /* SWRevealViewController.m */,
				A072265F1F91463F006C60BA /* Connections-Bridging-Header.h */,
				A0F529DF1FD1A1A500B5B93C /* GoogleService-Info.plist */,
				A0F529E11FD1AFC000B5B93C /* Gotham Rounded Book.ttf */,
			);
			path = Extension;
			sourceTree = "<group>";
		};
		A00748681F912570004AF885 /* BusinessSideMenu */ = {
			isa = PBXGroup;
			children = (
				A0F529EC1FD1E6F600B5B93C /* SideMenuViewController.swift */,
				A03D991E1FD305160034AE24 /* SideMenuTableViewCell.swift */,
			);
			path = BusinessSideMenu;
			sourceTree = "<group>";
		};
		A00748691F912586004AF885 /* StudentRegister */ = {
			isa = PBXGroup;
			children = (
				A09739E62020E6A10087F7CE /* StudentRegisterViewController.swift */,
			);
			path = StudentRegister;
			sourceTree = "<group>";
		};
		A007486B1F91259A004AF885 /* BusinessSwipe */ = {
			isa = PBXGroup;
			children = (
				A00748711F912AA7004AF885 /* BusinessSwipeView.xib */,
				A00748731F912B0C004AF885 /* BusinessSwipeView.swift */,
				A00748751F912E3F004AF885 /* LikeDislikeInfo.swift */,
				A00748571F912189004AF885 /* BusinessSwipeViewController.swift */,
				A0E4B048204FEAAF002D7534 /* BusinessSwipeLocation.swift */,
				A09739E22020A4850087F7CE /* BusinessMoreInfoViewController.swift */,
				A0973A14202503F50087F7CE /* Business.swift */,
				A0E4B04A204FFA53002D7534 /* Bournemouth.gpx */,
				A0E4B04D20502AEB002D7534 /* ViewedManager.swift */,
			);
			path = BusinessSwipe;
			sourceTree = "<group>";
		};
		A049B0D020261E5000EBD07B /* StudentSwipe */ = {
			isa = PBXGroup;
			children = (
				A0AD0717202CC6BA00B77C61 /* StudentSwipeView.xib */,
				A0AD0713202CC66F00B77C61 /* StudentSwipeView.swift */,
				A0AD0715202CC6A200B77C61 /* LikeDislikeButtons.swift */,
				A049B0D220261EDF00EBD07B /* StudentSwipeViewController.swift */,
				A0AD0711202CC66000B77C61 /* StudentMoreInfoViewController.swift */,
				A03D99211FD313380034AE24 /* Student.swift */,
			);
			path = StudentSwipe;
			sourceTree = "<group>";
		};
		A049B0D120261E8200EBD07B /* StudentSideMenu */ = {
			isa = PBXGroup;
			children = (
				A0AD070D202CC1D400B77C61 /* StudentSideMenuViewController.swift */,
				A0AD070F202CC1F700B77C61 /* StudentSideMenuTableViewCell.swift */,
			);
			path = StudentSideMenu;
			sourceTree = "<group>";
		};
		A09739E42020E64A0087F7CE /* Login */ = {
			isa = PBXGroup;
			children = (
				A07226641F91657F006C60BA /* TabsViewController.swift */,
				A07226661F916EC9006C60BA /* LogInViewController.swift */,
			);
			path = Login;
			sourceTree = "<group>";
		};
		A09739E52020E6510087F7CE /* Register */ = {
			isa = PBXGroup;
			children = (
				A07226681F916FB4006C60BA /* RegisterViewController.swift */,
			);
			path = Register;
			sourceTree = "<group>";
		};
		A09739E820210B9B0087F7CE /* StudentProfileCreation */ = {
			isa = PBXGroup;
			children = (
				A0D67A5920434F9D0060AD70 /* Skills */,
				A0D67A4C204065F00060AD70 /* Education */,
				A0D8D371203B389B00D68A5A /* JobExperience */,
				A09739E920210BDB0087F7CE /* StudentCreateProfileLandingViewController.swift */,
				A09F6B9F2027512B00D98332 /* StudentPersonalViewController.swift */,
				A0F5A6742039AE5A004E4D3E /* StudentProfilePictureViewController.swift */,
				A0D67A57204331AD0060AD70 /* StudentInterestsViewController.swift */,
			);
			path = StudentProfileCreation;
			sourceTree = "<group>";
		};
		A09739EB2021D1AB0087F7CE /* BusinessRegister */ = {
			isa = PBXGroup;
			children = (
				A09739EC2021D2390087F7CE /* BusinessRegisterViewController.swift */,
			);
			path = BusinessRegister;
			sourceTree = "<group>";
		};
		A0973A112024B4FD0087F7CE /* BusinessProfileCreation */ = {
			isa = PBXGroup;
			children = (
				A0A6B0F2204982AE00AC357F /* Jobs */,
				A0A6B0EB20487A1200AC357F /* Specialties */,
				A0973A122024B52D0087F7CE /* BusinessProfileCreationLandingViewController.swift */,
				A09F6BA12027534F00D98332 /* BusinessAboutViewController.swift */,
				A0AA81472036165C00858063 /* BusinessQuestionsViewController.swift */,
				A0A6FFBA204809940001D715 /* BusinessProfilePictureViewController.swift */,
				A0A6FFBC2048262D0001D715 /* BusinessDetailsViewController.swift */,
			);
			path = BusinessProfileCreation;
			sourceTree = "<group>";
		};
		A09A82DF20626D600006E44A /* ShowJob */ = {
			isa = PBXGroup;
			children = (
				A09A82DD206267D20006E44A /* BusinessShowJobsViewController.swift */,
				A09A82E020626D7B0006E44A /* SelectJobCell.swift */,
			);
			path = ShowJob;
			sourceTree = "<group>";
		};
		A0A6B0EB20487A1200AC357F /* Specialties */ = {
			isa = PBXGroup;
			children = (
				A0A6B0EC20487A2E00AC357F /* BusinessSpecialtiesViewController.swift */,
				A0A6B0EE20487A3A00AC357F /* Specialties.swift */,
				A0A6B0F020487A4A00AC357F /* SpecialtiesCell.swift */,
			);
			path = Specialties;
			sourceTree = "<group>";
		};
		A0A6B0F2204982AE00AC357F /* Jobs */ = {
			isa = PBXGroup;
			children = (
				A0A6B0F32049833D00AC357F /* ShowJobsAddedViewController.swift */,
				A0A6B0F52049837D00AC357F /* ShowJobsCell.swift */,
				A0A6B0F72049839300AC357F /* AddJobsViewController.swift */,
				A0A6B0F9204983A100AC357F /* EditJobsViewController.swift */,
				A0A6B0FB204983B000AC357F /* Jobs.swift */,
			);
			path = Jobs;
			sourceTree = "<group>";
		};
		A0AA814B2036202B00858063 /* BusinessQuestions */ = {
			isa = PBXGroup;
			children = (
				5FDF4FDB205C5DF400ED2A8A /* Question Answers */,
				A0AA814C2036205C00858063 /* BusinessSelectViewController.swift */,
				5FBF425D2052A48F00B93FED /* BusinessSelectCell.swift */,
				A0AA81502036D6DF00858063 /* BusinessQuestions.swift */,
				5F2EB8DF2056CA7600A087B8 /* BusinessQuestionTwoViewController.swift */,
				5F2EB8E12056CA8B00A087B8 /* BusinessQuestionThreeViewController.swift */,
			);
			path = BusinessQuestions;
			sourceTree = "<group>";
		};
		A0AA81542036F94000858063 /* StudentQuestionResponses */ = {
			isa = PBXGroup;
			children = (
				A0AA81552036FA2300858063 /* SelectStudentViewController.swift */,
				A0AA81572036FA3B00858063 /* ViewStudentResponsesViewController.swift */,
				A0AA815920374B4100858063 /* StudentResponses.swift */,
			);
			path = StudentQuestionResponses;
			sourceTree = "<group>";
		};
		A0AD071A202DCF6E00B77C61 /* BusinessLiked */ = {
			isa = PBXGroup;
			children = (
				A0AD071B202DCF8C00B77C61 /* BusinessLikedViewController.swift */,
				A0AD0721202E043000B77C61 /* BusinessLikedCell.swift */,
				A0F94F2020542A1500FECC7A /* BusinessMatchedCell.swift */,
				A0F94F222054347000FECC7A /* MatchedCell.swift */,
			);
			path = BusinessLiked;
			sourceTree = "<group>";
		};
		A0D67A4C204065F00060AD70 /* Education */ = {
			isa = PBXGroup;
			children = (
				A0D67A4D204066F30060AD70 /* ShowEducationAddedViewController.swift */,
				A0D67A4F2040671D0060AD70 /* ShowEducation.swift */,
				A0D67A51204067300060AD70 /* AddEducationViewController.swift */,
				A0D67A53204067400060AD70 /* EditEducationViewController.swift */,
				A0D67A552040674C0060AD70 /* Education.swift */,
			);
			path = Education;
			sourceTree = "<group>";
		};
		A0D67A5920434F9D0060AD70 /* Skills */ = {
			isa = PBXGroup;
			children = (
				A0D67A5A204350050060AD70 /* ShowSkillsViewController.swift */,
				A0D67A5C204350990060AD70 /* ShowSkills.swift */,
				A0D67A5E204350B30060AD70 /* Skills.swift */,
			);
			path = Skills;
			sourceTree = "<group>";
		};
		A0D8D36E203ADD7D00D68A5A /* StudentEditProfile */ = {
			isa = PBXGroup;
			children = (
				A0D8D36F203ADEB200D68A5A /* StudentEditProfileViewController.swift */,
				A0076AB1204AA94500A52500 /* StudentEditAboutViewController.swift */,
				A03B44BD2055AF4700CFC682 /* EducationCell.swift */,
				5FDA4C3220567FD000270C54 /* ExperienceCell.swift */,
				A07E3C48205DB0F1004158FE /* ShowSkillsCell.swift */,
				A07E3C46205DB054004158FE /* SkillsCell.swift */,
				5F66BED72060105C0002FB8E /* EducationTitle.xib */,
				5F66BED92060125A0002FB8E /* ExperienceTitle.xib */,
			);
			path = StudentEditProfile;
			sourceTree = "<group>";
		};
		A0D8D371203B389B00D68A5A /* JobExperience */ = {
			isa = PBXGroup;
			children = (
				A0D8D372203B38D000D68A5A /* ShowExperienceAddedViewController.swift */,
				A0D8D384203DF78800D68A5A /* ShowExperienceCell.swift */,
				A0D8D374203B38E400D68A5A /* AddExperienceViewController.swift */,
				A0D8D382203D7F8300D68A5A /* EditExperienceViewController.swift */,
				A0D8D376203B39CF00D68A5A /* Experience.swift */,
			);
			path = JobExperience;
			sourceTree = "<group>";
		};
		A0D8D37F203CAE2C00D68A5A /* Location */ = {
			isa = PBXGroup;
			children = (
				A0D8D380203CAE4500D68A5A /* Location.swift */,
			);
			path = Location;
			sourceTree = "<group>";
		};
		A0EFEE562062555000F7C5A9 /* BusinessJobs */ = {
			isa = PBXGroup;
			children = (
				A09A82DF20626D600006E44A /* ShowJob */,
				A0EFEE572062580800F7C5A9 /* BusinessJobsViewController.swift */,
				A0EFEE5920625CEE00F7C5A9 /* BusinessJobCell.swift */,
			);
			path = BusinessJobs;
			sourceTree = "<group>";
		};
		A0F529E21FD1B07D00B5B93C /* IBDesignables */ = {
			isa = PBXGroup;
			children = (
				A0F529E31FD1B0CF00B5B93C /* UIViewStyles.swift */,
				A0F529E51FD1B10E00B5B93C /* UIButtonStyles.swift */,
				A0F529E71FD1B18100B5B93C /* HorizontalGradient.swift */,
				A0F529E91FD1BA3100B5B93C /* VerticalGradient.swift */,
			);
			path = IBDesignables;
			sourceTree = "<group>";
		};
/* End PBXGroup section */

/* Begin PBXNativeTarget section */
		A00748511F912189004AF885 /* Connections */ = {
			isa = PBXNativeTarget;
			buildConfigurationList = A00748641F912189004AF885 /* Build configuration list for PBXNativeTarget "Connections" */;
			buildPhases = (
				37A3F3BB7465F9FEFAD328B1 /* [CP] Check Pods Manifest.lock */,
				A007484E1F912189004AF885 /* Sources */,
				A007484F1F912189004AF885 /* Frameworks */,
				A00748501F912189004AF885 /* Resources */,
				A6A58A46B5170F815FF1C736 /* [CP] Embed Pods Frameworks */,
				116FDD1D4A7082C5D54934C6 /* [CP] Copy Pods Resources */,
			);
			buildRules = (
			);
			dependencies = (
			);
			name = Connections;
			productName = Connections;
			productReference = A00748521F912189004AF885 /* Connections.app */;
			productType = "com.apple.product-type.application";
		};
/* End PBXNativeTarget section */

/* Begin PBXProject section */
		A007484A1F912188004AF885 /* Project object */ = {
			isa = PBXProject;
			attributes = {
				LastSwiftUpdateCheck = 0900;
				LastUpgradeCheck = 0900;
				ORGANIZATIONNAME = "Hallam John Ager";
				TargetAttributes = {
					A00748511F912189004AF885 = {
						CreatedOnToolsVersion = 9.0;
						LastSwiftMigration = 0900;
						ProvisioningStyle = Automatic;
						SystemCapabilities = {
							com.apple.BackgroundModes = {
								enabled = 1;
							};
							com.apple.Push = {
								enabled = 1;
							};
						};
					};
				};
			};
			buildConfigurationList = A007484D1F912189004AF885 /* Build configuration list for PBXProject "Connections" */;
			compatibilityVersion = "Xcode 8.0";
			developmentRegion = en;
			hasScannedForEncodings = 0;
			knownRegions = (
				en,
				Base,
			);
			mainGroup = A00748491F912188004AF885;
			productRefGroup = A00748531F912189004AF885 /* Products */;
			projectDirPath = "";
			projectRoot = "";
			targets = (
				A00748511F912189004AF885 /* Connections */,
			);
		};
/* End PBXProject section */

/* Begin PBXResourcesBuildPhase section */
		A00748501F912189004AF885 /* Resources */ = {
			isa = PBXResourcesBuildPhase;
			buildActionMask = 2147483647;
			files = (
				A0AD0718202CC6BA00B77C61 /* StudentSwipeView.xib in Resources */,
				A00748601F912189004AF885 /* LaunchScreen.storyboard in Resources */,
				A0F529EB1FD1CD6400B5B93C /* Gotham Rounded Book.ttf in Resources */,
				5FBF425C2052947100B93FED /* BusinessMain.storyboard in Resources */,
				A00748721F912AA7004AF885 /* BusinessSwipeView.xib in Resources */,
				5FBF4258205292CF00B93FED /* BusinessRegister.storyboard in Resources */,
				A0F529E01FD1A1A600B5B93C /* GoogleService-Info.plist in Resources */,
				5FBF42572052911B00B93FED /* StudentRegister.storyboard in Resources */,
				5FBF425A2052945D00B93FED /* StudentMain.storyboard in Resources */,
				5F66BEDA2060125A0002FB8E /* ExperienceTitle.xib in Resources */,
				5F66BED82060105C0002FB8E /* EducationTitle.xib in Resources */,
				A007485D1F912189004AF885 /* Assets.xcassets in Resources */,
				A007485B1F912189004AF885 /* Main.storyboard in Resources */,
			);
			runOnlyForDeploymentPostprocessing = 0;
		};
/* End PBXResourcesBuildPhase section */

/* Begin PBXShellScriptBuildPhase section */
		116FDD1D4A7082C5D54934C6 /* [CP] Copy Pods Resources */ = {
			isa = PBXShellScriptBuildPhase;
			buildActionMask = 2147483647;
			files = (
			);
			inputPaths = (
			);
			name = "[CP] Copy Pods Resources";
			outputPaths = (
			);
			runOnlyForDeploymentPostprocessing = 0;
			shellPath = /bin/sh;
			shellScript = "\"${SRCROOT}/Pods/Target Support Files/Pods-Connections/Pods-Connections-resources.sh\"\n";
			showEnvVarsInLog = 0;
		};
		37A3F3BB7465F9FEFAD328B1 /* [CP] Check Pods Manifest.lock */ = {
			isa = PBXShellScriptBuildPhase;
			buildActionMask = 2147483647;
			files = (
			);
			inputPaths = (
				"${PODS_PODFILE_DIR_PATH}/Podfile.lock",
				"${PODS_ROOT}/Manifest.lock",
			);
			name = "[CP] Check Pods Manifest.lock";
			outputPaths = (
				"$(DERIVED_FILE_DIR)/Pods-Connections-checkManifestLockResult.txt",
			);
			runOnlyForDeploymentPostprocessing = 0;
			shellPath = /bin/sh;
			shellScript = "diff \"${PODS_PODFILE_DIR_PATH}/Podfile.lock\" \"${PODS_ROOT}/Manifest.lock\" > /dev/null\nif [ $? != 0 ] ; then\n    # print error to STDERR\n    echo \"error: The sandbox is not in sync with the Podfile.lock. Run 'pod install' or update your CocoaPods installation.\" >&2\n    exit 1\nfi\n# This output is used by Xcode 'outputs' to avoid re-running this script phase.\necho \"SUCCESS\" > \"${SCRIPT_OUTPUT_FILE_0}\"\n";
			showEnvVarsInLog = 0;
		};
		A6A58A46B5170F815FF1C736 /* [CP] Embed Pods Frameworks */ = {
			isa = PBXShellScriptBuildPhase;
			buildActionMask = 2147483647;
			files = (
			);
			inputPaths = (
				"${SRCROOT}/Pods/Target Support Files/Pods-Connections/Pods-Connections-frameworks.sh",
				"${BUILT_PRODUCTS_DIR}/FoldingCell/FoldingCell.framework",
				"${BUILT_PRODUCTS_DIR}/GTMSessionFetcher/GTMSessionFetcher.framework",
				"${BUILT_PRODUCTS_DIR}/GeoFire/GeoFire.framework",
				"${BUILT_PRODUCTS_DIR}/GoogleToolboxForMac/GoogleToolboxForMac.framework",
				"${BUILT_PRODUCTS_DIR}/Hero/Hero.framework",
				"${BUILT_PRODUCTS_DIR}/Koloda/Koloda.framework",
				"${BUILT_PRODUCTS_DIR}/Protobuf/Protobuf.framework",
				"${BUILT_PRODUCTS_DIR}/Spring/Spring.framework",
				"${BUILT_PRODUCTS_DIR}/ViewAnimator/ViewAnimator.framework",
				"${BUILT_PRODUCTS_DIR}/XLPagerTabStrip/XLPagerTabStrip.framework",
				"${BUILT_PRODUCTS_DIR}/leveldb-library/leveldb.framework",
				"${BUILT_PRODUCTS_DIR}/nanopb/nanopb.framework",
				"${BUILT_PRODUCTS_DIR}/pop/pop.framework",
			);
			name = "[CP] Embed Pods Frameworks";
			outputPaths = (
				"${TARGET_BUILD_DIR}/${FRAMEWORKS_FOLDER_PATH}/FoldingCell.framework",
				"${TARGET_BUILD_DIR}/${FRAMEWORKS_FOLDER_PATH}/GTMSessionFetcher.framework",
				"${TARGET_BUILD_DIR}/${FRAMEWORKS_FOLDER_PATH}/GeoFire.framework",
				"${TARGET_BUILD_DIR}/${FRAMEWORKS_FOLDER_PATH}/GoogleToolboxForMac.framework",
				"${TARGET_BUILD_DIR}/${FRAMEWORKS_FOLDER_PATH}/Hero.framework",
				"${TARGET_BUILD_DIR}/${FRAMEWORKS_FOLDER_PATH}/Koloda.framework",
				"${TARGET_BUILD_DIR}/${FRAMEWORKS_FOLDER_PATH}/Protobuf.framework",
				"${TARGET_BUILD_DIR}/${FRAMEWORKS_FOLDER_PATH}/Spring.framework",
				"${TARGET_BUILD_DIR}/${FRAMEWORKS_FOLDER_PATH}/ViewAnimator.framework",
				"${TARGET_BUILD_DIR}/${FRAMEWORKS_FOLDER_PATH}/XLPagerTabStrip.framework",
				"${TARGET_BUILD_DIR}/${FRAMEWORKS_FOLDER_PATH}/leveldb.framework",
				"${TARGET_BUILD_DIR}/${FRAMEWORKS_FOLDER_PATH}/nanopb.framework",
				"${TARGET_BUILD_DIR}/${FRAMEWORKS_FOLDER_PATH}/pop.framework",
			);
			runOnlyForDeploymentPostprocessing = 0;
			shellPath = /bin/sh;
			shellScript = "\"${SRCROOT}/Pods/Target Support Files/Pods-Connections/Pods-Connections-frameworks.sh\"\n";
			showEnvVarsInLog = 0;
		};
/* End PBXShellScriptBuildPhase section */

/* Begin PBXSourcesBuildPhase section */
		A007484E1F912189004AF885 /* Sources */ = {
			isa = PBXSourcesBuildPhase;
			buildActionMask = 2147483647;
			files = (
				A07226631F9148FB006C60BA /* SWRevealViewController.m in Sources */,
				A09739E72020E6A10087F7CE /* StudentRegisterViewController.swift in Sources */,
				A0D67A58204331AD0060AD70 /* StudentInterestsViewController.swift in Sources */,
				A00748741F912B0C004AF885 /* BusinessSwipeView.swift in Sources */,
				A0EFEE582062580800F7C5A9 /* BusinessJobsViewController.swift in Sources */,
				A0D8D377203B39CF00D68A5A /* Experience.swift in Sources */,
				A07226651F91657F006C60BA /* TabsViewController.swift in Sources */,
				A0F94F232054347000FECC7A /* MatchedCell.swift in Sources */,
				5F2EB8E02056CA7600A087B8 /* BusinessQuestionTwoViewController.swift in Sources */,
				A0D8D375203B38E400D68A5A /* AddExperienceViewController.swift in Sources */,
				5FBF425E2052A48F00B93FED /* BusinessSelectCell.swift in Sources */,
				A0AA81562036FA2300858063 /* SelectStudentViewController.swift in Sources */,
				A09A82E120626D7B0006E44A /* SelectJobCell.swift in Sources */,
				A09739EA20210BDB0087F7CE /* StudentCreateProfileLandingViewController.swift in Sources */,
				A0AA81582036FA3B00858063 /* ViewStudentResponsesViewController.swift in Sources */,
				A0076AB2204AA94500A52500 /* StudentEditAboutViewController.swift in Sources */,
				A0F529ED1FD1E6F600B5B93C /* SideMenuViewController.swift in Sources */,
				A07226691F916FB4006C60BA /* RegisterViewController.swift in Sources */,
				A0D67A54204067400060AD70 /* EditEducationViewController.swift in Sources */,
				A0AD0716202CC6A200B77C61 /* LikeDislikeButtons.swift in Sources */,
				A0D8D385203DF78800D68A5A /* ShowExperienceCell.swift in Sources */,
				A000D440203077E10099892D /* StudentLikedCell.swift in Sources */,
				A07226671F916EC9006C60BA /* LogInViewController.swift in Sources */,
				A0D8D381203CAE4500D68A5A /* Location.swift in Sources */,
				A0F529E81FD1B18100B5B93C /* HorizontalGradient.swift in Sources */,
				A00748581F912189004AF885 /* BusinessSwipeViewController.swift in Sources */,
				A00748761F912E3F004AF885 /* LikeDislikeInfo.swift in Sources */,
				A0D8D383203D7F8300D68A5A /* EditExperienceViewController.swift in Sources */,
				A0D67A5D204350990060AD70 /* ShowSkills.swift in Sources */,
				A09739E32020A4850087F7CE /* BusinessMoreInfoViewController.swift in Sources */,
				A0F529E41FD1B0CF00B5B93C /* UIViewStyles.swift in Sources */,
				A0D67A5F204350B30060AD70 /* Skills.swift in Sources */,
				A0AD071C202DCF8C00B77C61 /* BusinessLikedViewController.swift in Sources */,
				A0AA814D2036205C00858063 /* BusinessSelectViewController.swift in Sources */,
				A0A6B0FC204983B000AC357F /* Jobs.swift in Sources */,
				A03B44BE2055AF4700CFC682 /* EducationCell.swift in Sources */,
				A0A6B0F62049837D00AC357F /* ShowJobsCell.swift in Sources */,
				A0E4B04E20502AEB002D7534 /* ViewedManager.swift in Sources */,
				A0AD070E202CC1D400B77C61 /* StudentSideMenuViewController.swift in Sources */,
				A0A6B0FA204983A100AC357F /* EditJobsViewController.swift in Sources */,
				A0AD0712202CC66000B77C61 /* StudentMoreInfoViewController.swift in Sources */,
				A0A6B0F120487A4A00AC357F /* SpecialtiesCell.swift in Sources */,
				A0D67A52204067300060AD70 /* AddEducationViewController.swift in Sources */,
				A0AD0714202CC66F00B77C61 /* StudentSwipeView.swift in Sources */,
				A0D67A5B204350050060AD70 /* ShowSkillsViewController.swift in Sources */,
				A0F529EA1FD1BA3100B5B93C /* VerticalGradient.swift in Sources */,
				A09F6BA22027534F00D98332 /* BusinessAboutViewController.swift in Sources */,
				A000D43E203077BB0099892D /* StudentLikedViewController.swift in Sources */,
				A049B0D320261EDF00EBD07B /* StudentSwipeViewController.swift in Sources */,
				A0AA81532036D85200858063 /* BusinessQuestionsListViewController.swift in Sources */,
				A03D991F1FD305160034AE24 /* SideMenuTableViewCell.swift in Sources */,
				A0F94F2120542A1500FECC7A /* BusinessMatchedCell.swift in Sources */,
				A0D67A502040671D0060AD70 /* ShowEducation.swift in Sources */,
				A0EFEE5A20625CEE00F7C5A9 /* BusinessJobCell.swift in Sources */,
				A0973A15202503F50087F7CE /* Business.swift in Sources */,
				A0A6B0F42049833D00AC357F /* ShowJobsAddedViewController.swift in Sources */,
				A0AD0710202CC1F700B77C61 /* StudentSideMenuTableViewCell.swift in Sources */,
				A0AA81482036165C00858063 /* BusinessQuestionsViewController.swift in Sources */,
				A07E3C49205DB0F1004158FE /* ShowSkillsCell.swift in Sources */,
				A00748561F912189004AF885 /* AppDelegate.swift in Sources */,
				A09739ED2021D2390087F7CE /* BusinessRegisterViewController.swift in Sources */,
				A0AA815A20374B4100858063 /* StudentResponses.swift in Sources */,
				A0D8D370203ADEB200D68A5A /* StudentEditProfileViewController.swift in Sources */,
				A0A6FFBD2048262D0001D715 /* BusinessDetailsViewController.swift in Sources */,
				A09A82DE206267D20006E44A /* BusinessShowJobsViewController.swift in Sources */,
				A09F6BA02027512B00D98332 /* StudentPersonalViewController.swift in Sources */,
				A0AD0722202E043000B77C61 /* BusinessLikedCell.swift in Sources */,
				5F2EB8E22056CA8B00A087B8 /* BusinessQuestionThreeViewController.swift in Sources */,
				A0973A132024B52D0087F7CE /* BusinessProfileCreationLandingViewController.swift in Sources */,
				A0D67A4E204066F30060AD70 /* ShowEducationAddedViewController.swift in Sources */,
				A0A6FFBB204809940001D715 /* BusinessProfilePictureViewController.swift in Sources */,
				A0A6B0F82049839300AC357F /* AddJobsViewController.swift in Sources */,
				5F862DAC20605B9E00008F15 /* QuestionTwo.swift in Sources */,
				A0D67A562040674C0060AD70 /* Education.swift in Sources */,
				A03D99221FD313380034AE24 /* Student.swift in Sources */,
				A0F5A6752039AE5A004E4D3E /* StudentProfilePictureViewController.swift in Sources */,
				A0D8D373203B38D000D68A5A /* ShowExperienceAddedViewController.swift in Sources */,
				A0F529E61FD1B10E00B5B93C /* UIButtonStyles.swift in Sources */,
				A0A6B0EF20487A3A00AC357F /* Specialties.swift in Sources */,
				5FDA4C3320567FD000270C54 /* ExperienceCell.swift in Sources */,
				5F862DAE20605BAC00008F15 /* QuestionThree.swift in Sources */,
				A0AA81512036D6DF00858063 /* BusinessQuestions.swift in Sources */,
				A0A6B0ED20487A2E00AC357F /* BusinessSpecialtiesViewController.swift in Sources */,
				5FDF4FDF205C5E3400ED2A8A /* ShowQuestionOne.swift in Sources */,
				A07E3C47205DB054004158FE /* SkillsCell.swift in Sources */,
				5FDF4FDD205C5E2500ED2A8A /* QuestionOne.swift in Sources */,
				A0E4B049204FEAAF002D7534 /* BusinessSwipeLocation.swift in Sources */,
			);
			runOnlyForDeploymentPostprocessing = 0;
		};
/* End PBXSourcesBuildPhase section */

/* Begin PBXVariantGroup section */
		A00748591F912189004AF885 /* Main.storyboard */ = {
			isa = PBXVariantGroup;
			children = (
				A007485A1F912189004AF885 /* Base */,
			);
			name = Main.storyboard;
			sourceTree = "<group>";
		};
		A007485E1F912189004AF885 /* LaunchScreen.storyboard */ = {
			isa = PBXVariantGroup;
			children = (
				A007485F1F912189004AF885 /* Base */,
			);
			name = LaunchScreen.storyboard;
			sourceTree = "<group>";
		};
/* End PBXVariantGroup section */

/* Begin XCBuildConfiguration section */
		A00748621F912189004AF885 /* Debug */ = {
			isa = XCBuildConfiguration;
			buildSettings = {
				ALWAYS_SEARCH_USER_PATHS = NO;
				CLANG_ANALYZER_NONNULL = YES;
				CLANG_ANALYZER_NUMBER_OBJECT_CONVERSION = YES_AGGRESSIVE;
				CLANG_CXX_LANGUAGE_STANDARD = "gnu++14";
				CLANG_CXX_LIBRARY = "libc++";
				CLANG_ENABLE_MODULES = YES;
				CLANG_ENABLE_OBJC_ARC = YES;
				CLANG_WARN_BLOCK_CAPTURE_AUTORELEASING = YES;
				CLANG_WARN_BOOL_CONVERSION = YES;
				CLANG_WARN_COMMA = YES;
				CLANG_WARN_CONSTANT_CONVERSION = YES;
				CLANG_WARN_DIRECT_OBJC_ISA_USAGE = YES_ERROR;
				CLANG_WARN_DOCUMENTATION_COMMENTS = YES;
				CLANG_WARN_EMPTY_BODY = YES;
				CLANG_WARN_ENUM_CONVERSION = YES;
				CLANG_WARN_INFINITE_RECURSION = YES;
				CLANG_WARN_INT_CONVERSION = YES;
				CLANG_WARN_NON_LITERAL_NULL_CONVERSION = YES;
				CLANG_WARN_OBJC_LITERAL_CONVERSION = YES;
				CLANG_WARN_OBJC_ROOT_CLASS = YES_ERROR;
				CLANG_WARN_RANGE_LOOP_ANALYSIS = YES;
				CLANG_WARN_STRICT_PROTOTYPES = YES;
				CLANG_WARN_SUSPICIOUS_MOVE = YES;
				CLANG_WARN_UNGUARDED_AVAILABILITY = YES_AGGRESSIVE;
				CLANG_WARN_UNREACHABLE_CODE = YES;
				CLANG_WARN__DUPLICATE_METHOD_MATCH = YES;
				CODE_SIGN_IDENTITY = "iPhone Developer";
				COPY_PHASE_STRIP = NO;
				DEBUG_INFORMATION_FORMAT = dwarf;
				ENABLE_STRICT_OBJC_MSGSEND = YES;
				ENABLE_TESTABILITY = YES;
				GCC_C_LANGUAGE_STANDARD = gnu11;
				GCC_DYNAMIC_NO_PIC = NO;
				GCC_NO_COMMON_BLOCKS = YES;
				GCC_OPTIMIZATION_LEVEL = 0;
				GCC_PREPROCESSOR_DEFINITIONS = (
					"DEBUG=1",
					"$(inherited)",
				);
				GCC_WARN_64_TO_32_BIT_CONVERSION = YES;
				GCC_WARN_ABOUT_RETURN_TYPE = YES_ERROR;
				GCC_WARN_UNDECLARED_SELECTOR = YES;
				GCC_WARN_UNINITIALIZED_AUTOS = YES_AGGRESSIVE;
				GCC_WARN_UNUSED_FUNCTION = YES;
				GCC_WARN_UNUSED_VARIABLE = YES;
				IPHONEOS_DEPLOYMENT_TARGET = 11.0;
				MTL_ENABLE_DEBUG_INFO = YES;
				ONLY_ACTIVE_ARCH = YES;
				SDKROOT = iphoneos;
				SWIFT_ACTIVE_COMPILATION_CONDITIONS = DEBUG;
				SWIFT_OPTIMIZATION_LEVEL = "-Onone";
			};
			name = Debug;
		};
		A00748631F912189004AF885 /* Release */ = {
			isa = XCBuildConfiguration;
			buildSettings = {
				ALWAYS_SEARCH_USER_PATHS = NO;
				CLANG_ANALYZER_NONNULL = YES;
				CLANG_ANALYZER_NUMBER_OBJECT_CONVERSION = YES_AGGRESSIVE;
				CLANG_CXX_LANGUAGE_STANDARD = "gnu++14";
				CLANG_CXX_LIBRARY = "libc++";
				CLANG_ENABLE_MODULES = YES;
				CLANG_ENABLE_OBJC_ARC = YES;
				CLANG_WARN_BLOCK_CAPTURE_AUTORELEASING = YES;
				CLANG_WARN_BOOL_CONVERSION = YES;
				CLANG_WARN_COMMA = YES;
				CLANG_WARN_CONSTANT_CONVERSION = YES;
				CLANG_WARN_DIRECT_OBJC_ISA_USAGE = YES_ERROR;
				CLANG_WARN_DOCUMENTATION_COMMENTS = YES;
				CLANG_WARN_EMPTY_BODY = YES;
				CLANG_WARN_ENUM_CONVERSION = YES;
				CLANG_WARN_INFINITE_RECURSION = YES;
				CLANG_WARN_INT_CONVERSION = YES;
				CLANG_WARN_NON_LITERAL_NULL_CONVERSION = YES;
				CLANG_WARN_OBJC_LITERAL_CONVERSION = YES;
				CLANG_WARN_OBJC_ROOT_CLASS = YES_ERROR;
				CLANG_WARN_RANGE_LOOP_ANALYSIS = YES;
				CLANG_WARN_STRICT_PROTOTYPES = YES;
				CLANG_WARN_SUSPICIOUS_MOVE = YES;
				CLANG_WARN_UNGUARDED_AVAILABILITY = YES_AGGRESSIVE;
				CLANG_WARN_UNREACHABLE_CODE = YES;
				CLANG_WARN__DUPLICATE_METHOD_MATCH = YES;
				CODE_SIGN_IDENTITY = "iPhone Developer";
				COPY_PHASE_STRIP = NO;
				DEBUG_INFORMATION_FORMAT = "dwarf-with-dsym";
				ENABLE_NS_ASSERTIONS = NO;
				ENABLE_STRICT_OBJC_MSGSEND = YES;
				GCC_C_LANGUAGE_STANDARD = gnu11;
				GCC_NO_COMMON_BLOCKS = YES;
				GCC_WARN_64_TO_32_BIT_CONVERSION = YES;
				GCC_WARN_ABOUT_RETURN_TYPE = YES_ERROR;
				GCC_WARN_UNDECLARED_SELECTOR = YES;
				GCC_WARN_UNINITIALIZED_AUTOS = YES_AGGRESSIVE;
				GCC_WARN_UNUSED_FUNCTION = YES;
				GCC_WARN_UNUSED_VARIABLE = YES;
				IPHONEOS_DEPLOYMENT_TARGET = 11.0;
				MTL_ENABLE_DEBUG_INFO = NO;
				SDKROOT = iphoneos;
				SWIFT_OPTIMIZATION_LEVEL = "-Owholemodule";
				VALIDATE_PRODUCT = YES;
			};
			name = Release;
		};
		A00748651F912189004AF885 /* Debug */ = {
			isa = XCBuildConfiguration;
			baseConfigurationReference = 419B1DC5AA939905FD333D7A /* Pods-Connections.debug.xcconfig */;
			buildSettings = {
				ASSETCATALOG_COMPILER_APPICON_NAME = AppIcon;
				CLANG_ENABLE_MODULES = YES;
				CODE_SIGN_ENTITLEMENTS = Connections/Connections.entitlements;
				CODE_SIGN_STYLE = Automatic;
				DEVELOPMENT_TEAM = YGKX7P2G9Y;
				INFOPLIST_FILE = Connections/Info.plist;
				LD_RUNPATH_SEARCH_PATHS = "$(inherited) @executable_path/Frameworks";
				PRODUCT_BUNDLE_IDENTIFIER = com.hallam.Connections;
				PRODUCT_NAME = "$(TARGET_NAME)";
				SWIFT_OBJC_BRIDGING_HEADER = "Extension/Connections-Bridging-Header.h";
				SWIFT_OPTIMIZATION_LEVEL = "-Onone";
				SWIFT_VERSION = 4.0;
				TARGETED_DEVICE_FAMILY = "1,2";
			};
			name = Debug;
		};
		A00748661F912189004AF885 /* Release */ = {
			isa = XCBuildConfiguration;
			baseConfigurationReference = 84574314C222C8CEEC27E2AC /* Pods-Connections.release.xcconfig */;
			buildSettings = {
				ASSETCATALOG_COMPILER_APPICON_NAME = AppIcon;
				CLANG_ENABLE_MODULES = YES;
				CODE_SIGN_ENTITLEMENTS = Connections/Connections.entitlements;
				CODE_SIGN_STYLE = Automatic;
				DEVELOPMENT_TEAM = YGKX7P2G9Y;
				INFOPLIST_FILE = Connections/Info.plist;
				LD_RUNPATH_SEARCH_PATHS = "$(inherited) @executable_path/Frameworks";
				PRODUCT_BUNDLE_IDENTIFIER = com.hallam.Connections;
				PRODUCT_NAME = "$(TARGET_NAME)";
				SWIFT_OBJC_BRIDGING_HEADER = "Extension/Connections-Bridging-Header.h";
				SWIFT_VERSION = 4.0;
				TARGETED_DEVICE_FAMILY = "1,2";
			};
			name = Release;
		};
/* End XCBuildConfiguration section */

/* Begin XCConfigurationList section */
		A007484D1F912189004AF885 /* Build configuration list for PBXProject "Connections" */ = {
			isa = XCConfigurationList;
			buildConfigurations = (
				A00748621F912189004AF885 /* Debug */,
				A00748631F912189004AF885 /* Release */,
			);
			defaultConfigurationIsVisible = 0;
			defaultConfigurationName = Release;
		};
		A00748641F912189004AF885 /* Build configuration list for PBXNativeTarget "Connections" */ = {
			isa = XCConfigurationList;
			buildConfigurations = (
				A00748651F912189004AF885 /* Debug */,
				A00748661F912189004AF885 /* Release */,
			);
			defaultConfigurationIsVisible = 0;
			defaultConfigurationName = Release;
		};
/* End XCConfigurationList section */
	};
	rootObject = A007484A1F912188004AF885 /* Project object */;
}
