PODS:
  - Koloda (4.3.1):
    - pop (~> 1.0)
  - pop (1.0.10)
  - XLPagerTabStrip (8.0.0)

DEPENDENCIES:
  - Koloda
  - XLPagerTabStrip

SPEC CHECKSUMS:
  Koloda: 0d39b2aa188ccd1fac48d752acaf9802e683c625
  pop: 82ca6b068ce9278fd350fd9dd09482a0ce9492e6
  XLPagerTabStrip: d1ab378af0923320ec0b5eab11d7b2f803d31261

PODFILE CHECKSUM: 39e0808f4a96429b1b1dadacd4bfa65d6ae1200f

COCOAPODS: 1.4.0.beta.1
