PODS:
  - Firebase/Auth (4.10.1):
    - Firebase/Core
    - FirebaseAuth (= 4.4.4)
  - Firebase/Core (4.10.1):
    - FirebaseAnalytics (= 4.1.0)
    - FirebaseCore (= 4.0.17)
  - Firebase/Database (4.10.1):
    - Firebase/Core
    - FirebaseDatabase (= 4.1.5)
  - Firebase/Messaging (4.10.1):
    - Firebase/Core
    - FirebaseMessaging (= 2.1.1)
  - Firebase/Storage (4.10.1):
    - Firebase/Core
    - FirebaseStorage (= 2.1.3)
  - FirebaseAnalytics (4.1.0):
    - FirebaseCore (~> 4.0)
    - FirebaseInstanceID (~> 2.0)
    - GoogleToolboxForMac/NSData+zlib (~> 2.1)
    - nanopb (~> 0.3)
  - FirebaseAuth (4.4.4):
    - FirebaseAnalytics (~> 4.1)
    - GoogleToolboxForMac/NSDictionary+URLArguments (~> 2.1)
    - GTMSessionFetcher/Core (~> 1.1)
  - FirebaseCore (4.0.17):
    - GoogleToolboxForMac/NSData+zlib (~> 2.1)
  - FirebaseDatabase (4.1.5):
    - FirebaseAnalytics (~> 4.1)
    - FirebaseCore (~> 4.0)
    - leveldb-library (~> 1.18)
  - FirebaseInstanceID (2.0.9):
    - FirebaseCore (~> 4.0)
  - FirebaseMessaging (2.1.1):
    - FirebaseAnalytics (~> 4.1)
    - FirebaseCore (~> 4.0)
    - FirebaseInstanceID (~> 2.0)
    - GoogleToolboxForMac/Logger (~> 2.1)
    - Protobuf (~> 3.5)
  - FirebaseStorage (2.1.3):
    - FirebaseAnalytics (~> 4.1)
    - FirebaseCore (~> 4.0)
    - GTMSessionFetcher/Core (~> 1.1)
  - FoldingCell (3.0.3)
  - GeoFire (2.0.1):
    - Firebase/Database (~> 4.0)
  - GoogleToolboxForMac/DebugUtils (2.1.3):
    - GoogleToolboxForMac/Defines (= 2.1.3)
  - GoogleToolboxForMac/Defines (2.1.3)
  - GoogleToolboxForMac/Logger (2.1.3):
    - GoogleToolboxForMac/Defines (= 2.1.3)
  - GoogleToolboxForMac/NSData+zlib (2.1.3):
    - GoogleToolboxForMac/Defines (= 2.1.3)
  - GoogleToolboxForMac/NSDictionary+URLArguments (2.1.3):
    - GoogleToolboxForMac/DebugUtils (= 2.1.3)
    - GoogleToolboxForMac/Defines (= 2.1.3)
    - GoogleToolboxForMac/NSString+URLArguments (= 2.1.3)
  - GoogleToolboxForMac/NSString+URLArguments (2.1.3)
  - GTMSessionFetcher/Core (1.1.14)
  - Hero (1.1.0)
  - IQKeyboardManagerSwift (5.0.8)
  - Koloda (4.3.1):
    - pop (~> 1.0)
  - leveldb-library (1.20)
  - nanopb (0.3.8):
    - nanopb/decode (= 0.3.8)
    - nanopb/encode (= 0.3.8)
  - nanopb/decode (0.3.8)
  - nanopb/encode (0.3.8)
  - pop (1.0.10)
  - Protobuf (3.5.0)
  - Spring (1.0.5)
  - ViewAnimator (1.0.5)
  - XLPagerTabStrip (8.0.0)

DEPENDENCIES:
  - Firebase/Auth
  - Firebase/Core
  - Firebase/Database
  - Firebase/Messaging
  - Firebase/Storage
  - FoldingCell
  - GeoFire (from `https://github.com/firebase/geofire-objc.git`)
  - Hero
  - IQKeyboardManagerSwift
  - Koloda
  - Spring
  - ViewAnimator
  - XLPagerTabStrip

EXTERNAL SOURCES:
  GeoFire:
    :git: https://github.com/firebase/geofire-objc.git

CHECKOUT OPTIONS:
  GeoFire:
    :commit: d79f8323efce29d780fc62df39485c50ffd0e6f4
    :git: https://github.com/firebase/geofire-objc.git

SPEC CHECKSUMS:
  Firebase: 92c6ba593e32db0defde464a9adc981d5cb49f97
  FirebaseAnalytics: 3dfae28d4a5e06f86c4fae830efc2ad3fadb19bc
  FirebaseAuth: d040bb7a9db6dfc29d0e7ec82d48be51352b2581
  FirebaseCore: 872307b001bbefda1dfa0dbfffa50a6919023d4a
  FirebaseDatabase: 5f0bc6134c5c237cf55f9e1249d406770a75eafd
  FirebaseInstanceID: d2058a35e9bebda1b6dd42486b84917bde552a9d
  FirebaseMessaging: db0e01c52ef7e1f42846431273558107d084ede4
  FirebaseStorage: 9a863a2bb96c406958eeff7c2f1dfa9f44c44a13
  FoldingCell: 76ce5d1ddba34c6d25548b473b7b51585e992da0
  GeoFire: 3e70a24019dc16816190f533c9cac0d1321c4a71
  GoogleToolboxForMac: 2501e2ad72a52eb3dfe7bd9aee7dad11b858bd20
  GTMSessionFetcher: 390ea358e5a0d0133153806f744662dad933d06b
  Hero: ce59e81c79390613d97b43da7179e2c5e1017e04
  IQKeyboardManagerSwift: 2e7dc7f98c111458c1ea2b373f893e8cf95e2b97
  Koloda: 0d39b2aa188ccd1fac48d752acaf9802e683c625
  leveldb-library: 08cba283675b7ed2d99629a4bc5fd052cd2bb6a5
  nanopb: 5601e6bca2dbf1ed831b519092ec110f66982ca3
  pop: 82ca6b068ce9278fd350fd9dd09482a0ce9492e6
  Protobuf: 8a9838fba8dae3389230e1b7f8c104aa32389c03
  Spring: 17901566c8ecf3a1327902b940406c64512f9bb1
  ViewAnimator: d87d691fbcaf994db7ee8fc632afa3073bd3b851
  XLPagerTabStrip: d1ab378af0923320ec0b5eab11d7b2f803d31261

PODFILE CHECKSUM: 030d3da581fc54e0874c781de1c2e13d144c2178

COCOAPODS: 1.3.1
